
Microsoft Visual Studio Solution File, Format Version 12.00
# Visual Studio Version 17
VisualStudioVersion = 17.4.33403.182
MinimumVisualStudioVersion = 10.0.40219.1
Project("{FAE04EC0-301F-11D3-BF4B-00C04F79EFBC}") = "Dashboard_test", "Dashboard_test.csproj", "{CC33ABD3-48D8-4200-A9B3-A6ABCB54B3BF}"
EndProject
Global
	GlobalSection(SolutionConfigurationPlatforms) = preSolution
		Debug|Any CPU = Debug|Any CPU
		Release|Any CPU = Release|Any CPU
	EndGlobalSection
	GlobalSection(ProjectConfigurationPlatforms) = postSolution
		{CC33ABD3-48D8-4200-A9B3-A6ABCB54B3BF}.Debug|Any CPU.ActiveCfg = Debug|Any CPU
		{CC33ABD3-48D8-4200-A9B3-A6ABCB54B3BF}.Debug|Any CPU.Build.0 = Debug|Any CPU
		{CC33ABD3-48D8-4200-A9B3-A6ABCB54B3BF}.Release|Any CPU.ActiveCfg = Release|Any CPU
		{CC33ABD3-48D8-4200-A9B3-A6ABCB54B3BF}.Release|Any CPU.Build.0 = Release|Any CPU
	EndGlobalSection
	GlobalSection(SolutionProperties) = preSolution
		HideSolutionNode = FALSE
	EndGlobalSection
	GlobalSection(ExtensibilityGlobals) = postSolution
		SolutionGuid = {57788FEC-9C3C-456D-AB2B-FD3B534BFDBE}
	EndGlobalSection
EndGlobal
